Microsoft Visual Studio Solution File, Format Version 11.00
# Visual Studio 2008

Project("{D0B90B50-4B52-4509-940D-7AAE8F3C1199}") = "Paddle-Paddle", "Assembly-CSharp-firstpass.csproj", "{B8447118-DBF2-F3F1-677C-A9A1C80768A5}"
EndProject
Project("{D0B90B50-4B52-4509-940D-7AAE8F3C1199}") = "Paddle-Paddle", "Assembly-CSharp.csproj", "{66285A5A-8087-6457-4D7A-1DF1C4EDFE59}"
EndProject
Project("{D0B90B50-4B52-4509-940D-7AAE8F3C1199}") = "Paddle-Paddle", "Assembly-CSharp-Editor-firstpass.csproj", "{89F19AC3-2253-DDDA-828B-3078DD457A15}"
EndProject
Global
	GlobalSection(SolutionConfigurationPlatforms) = preSolution
		Debug|Any CPU = Debug|Any CPU
		Release|Any CPU = Release|Any CPU
	EndGlobalSection
	GlobalSection(ProjectConfigurationPlatforms) = postSolution
		{B8447118-DBF2-F3F1-677C-A9A1C80768A5}.Debug|Any CPU.ActiveCfg = Debug|Any CPU
		{B8447118-DBF2-F3F1-677C-A9A1C80768A5}.Debug|Any CPU.Build.0 = Debug|Any CPU
		{B8447118-DBF2-F3F1-677C-A9A1C80768A5}.Release|Any CPU.ActiveCfg = Release|Any CPU
		{B8447118-DBF2-F3F1-677C-A9A1C80768A5}.Release|Any CPU.Build.0 = Release|Any CPU
		{66285A5A-8087-6457-4D7A-1DF1C4EDFE59}.Debug|Any CPU.ActiveCfg = Debug|Any CPU
		{66285A5A-8087-6457-4D7A-1DF1C4EDFE59}.Debug|Any CPU.Build.0 = Debug|Any CPU
		{66285A5A-8087-6457-4D7A-1DF1C4EDFE59}.Release|Any CPU.ActiveCfg = Release|Any CPU
		{66285A5A-8087-6457-4D7A-1DF1C4EDFE59}.Release|Any CPU.Build.0 = Release|Any CPU
		{89F19AC3-2253-DDDA-828B-3078DD457A15}.Debug|Any CPU.ActiveCfg = Debug|Any CPU
		{89F19AC3-2253-DDDA-828B-3078DD457A15}.Debug|Any CPU.Build.0 = Debug|Any CPU
		{89F19AC3-2253-DDDA-828B-3078DD457A15}.Release|Any CPU.ActiveCfg = Release|Any CPU
		{89F19AC3-2253-DDDA-828B-3078DD457A15}.Release|Any CPU.Build.0 = Release|Any CPU
	EndGlobalSection
	GlobalSection(SolutionProperties) = preSolution
		HideSolutionNode = FALSE
	EndGlobalSection
	GlobalSection(MonoDevelopProperties) = preSolution
		StartupItem = Assembly-CSharp.csproj
	EndGlobalSection
EndGlobal
